
Microsoft Visual Studio Solution File, Format Version 12.00
# Visual Studio 15
VisualStudioVersion = 15.0.28307.421
MinimumVisualStudioVersion = 10.0.40219.1
Project("{FAE04EC0-301F-11D3-BF4B-00C04F79EFBC}") = "GTL.Validation", "GTL.Validation\GTL.Validation.csproj", "{F862EFAD-9316-48E7-B6FF-6E0C7F3DF91A}"
EndProject
Global
	GlobalSection(SolutionConfigurationPlatforms) = preSolution
		Debug|Any CPU = Debug|Any CPU
		Release|Any CPU = Release|Any CPU
	EndGlobalSection
	GlobalSection(ProjectConfigurationPlatforms) = postSolution
		{F862EFAD-9316-48E7-B6FF-6E0C7F3DF91A}.Debug|Any CPU.ActiveCfg = Debug|Any CPU
		{F862EFAD-9316-48E7-B6FF-6E0C7F3DF91A}.Debug|Any CPU.Build.0 = Debug|Any CPU
		{F862EFAD-9316-48E7-B6FF-6E0C7F3DF91A}.Release|Any CPU.ActiveCfg = Release|Any CPU
		{F862EFAD-9316-48E7-B6FF-6E0C7F3DF91A}.Release|Any CPU.Build.0 = Release|Any CPU
	EndGlobalSection
	GlobalSection(SolutionProperties) = preSolution
		HideSolutionNode = FALSE
	EndGlobalSection
	GlobalSection(ExtensibilityGlobals) = postSolution
		SolutionGuid = {A24F7155-9F43-4AD7-9CFA-068ED373E44C}
	EndGlobalSection
EndGlobal
